
Microsoft Visual Studio Solution File, Format Version 12.00
# Visual Studio Version 17
VisualStudioVersion = 17.0.31903.59
MinimumVisualStudioVersion = 10.0.40219.1
Project("{2150E333-8FDC-42A3-9474-1A3956D46DE8}") = "domain", "domain", "{8B7A0272-1664-4A88-9682-4123B02C274B}"
EndProject
Project("{9A19103F-16F7-4668-BE54-9A1E7A4F7556}") = "Store", "domain\Store\Store.csproj", "{26F3E37C-FF8E-47BE-9F58-C5AC54430F54}"
EndProject
Project("{2150E333-8FDC-42A3-9474-1A3956D46DE8}") = "infrastucture", "infrastucture", "{76AEE765-8B8A-42EC-A089-FC4A094D6F8E}"
EndProject
Project("{FAE04EC0-301F-11D3-BF4B-00C04F79EFBC}") = "Store.Memory", "infrastructure\Store.Memory\Store.Memory.csproj", "{E3DC7870-4486-4123-B4F8-6615EF02A691}"
EndProject
Project("{2150E333-8FDC-42A3-9474-1A3956D46DE8}") = "presentation", "presentation", "{67A44E06-9278-45BF-B644-3A8EB9B0BA93}"
EndProject
Project("{FAE04EC0-301F-11D3-BF4B-00C04F79EFBC}") = "Store.Web", "presentation\Store.Web\Store.Web.csproj", "{F6020435-F806-4DB6-A396-8B9F9A7BF6D0}"
EndProject
Global
	GlobalSection(SolutionConfigurationPlatforms) = preSolution
		Debug|Any CPU = Debug|Any CPU
		Release|Any CPU = Release|Any CPU
	EndGlobalSection
	GlobalSection(ProjectConfigurationPlatforms) = postSolution
		{26F3E37C-FF8E-47BE-9F58-C5AC54430F54}.Debug|Any CPU.ActiveCfg = Debug|Any CPU
		{26F3E37C-FF8E-47BE-9F58-C5AC54430F54}.Debug|Any CPU.Build.0 = Debug|Any CPU
		{26F3E37C-FF8E-47BE-9F58-C5AC54430F54}.Release|Any CPU.ActiveCfg = Release|Any CPU
		{26F3E37C-FF8E-47BE-9F58-C5AC54430F54}.Release|Any CPU.Build.0 = Release|Any CPU
		{E3DC7870-4486-4123-B4F8-6615EF02A691}.Debug|Any CPU.ActiveCfg = Debug|Any CPU
		{E3DC7870-4486-4123-B4F8-6615EF02A691}.Debug|Any CPU.Build.0 = Debug|Any CPU
		{E3DC7870-4486-4123-B4F8-6615EF02A691}.Release|Any CPU.ActiveCfg = Release|Any CPU
		{E3DC7870-4486-4123-B4F8-6615EF02A691}.Release|Any CPU.Build.0 = Release|Any CPU
		{F6020435-F806-4DB6-A396-8B9F9A7BF6D0}.Debug|Any CPU.ActiveCfg = Debug|Any CPU
		{F6020435-F806-4DB6-A396-8B9F9A7BF6D0}.Debug|Any CPU.Build.0 = Debug|Any CPU
		{F6020435-F806-4DB6-A396-8B9F9A7BF6D0}.Release|Any CPU.ActiveCfg = Release|Any CPU
		{F6020435-F806-4DB6-A396-8B9F9A7BF6D0}.Release|Any CPU.Build.0 = Release|Any CPU
	EndGlobalSection
	GlobalSection(SolutionProperties) = preSolution
		HideSolutionNode = FALSE
	EndGlobalSection
	GlobalSection(NestedProjects) = preSolution
		{26F3E37C-FF8E-47BE-9F58-C5AC54430F54} = {8B7A0272-1664-4A88-9682-4123B02C274B}
		{E3DC7870-4486-4123-B4F8-6615EF02A691} = {76AEE765-8B8A-42EC-A089-FC4A094D6F8E}
		{F6020435-F806-4DB6-A396-8B9F9A7BF6D0} = {67A44E06-9278-45BF-B644-3A8EB9B0BA93}
	EndGlobalSection
	GlobalSection(ExtensibilityGlobals) = postSolution
		SolutionGuid = {C078CB6E-B2E8-442B-B58B-1ABD66FA6F99}
	EndGlobalSection
EndGlobal
